// !$*UTF8*$!
{
	archiveVersion = 1;
	classes = {
	};
	objectVersion = 48;
	objects = {

/* Begin PBXBuildFile section */
		D82BAF7B1FDF7806002773D0 /* AppDelegate.swift in Sources */ = {isa = PBXBuildFile; fileRef = D82BAF7A1FDF7806002773D0 /* AppDelegate.swift */; };
		D82BAF821FDF7806002773D0 /* Assets.xcassets in Resources */ = {isa = PBXBuildFile; fileRef = D82BAF811FDF7806002773D0 /* Assets.xcassets */; };
		D82BAF8F1FDF7887002773D0 /* Queue.swift in Sources */ = {isa = PBXBuildFile; fileRef = D82BAF8C1FDF7887002773D0 /* Queue.swift */; };
		D82BAF901FDF7887002773D0 /* LinkedList.swift in Sources */ = {isa = PBXBuildFile; fileRef = D82BAF8D1FDF7887002773D0 /* LinkedList.swift */; };
		D82BAF911FDF7887002773D0 /* QueueViewController.swift in Sources */ = {isa = PBXBuildFile; fileRef = D82BAF8E1FDF7887002773D0 /* QueueViewController.swift */; };
		D82BAF931FDF78AA002773D0 /* ViewController.swift in Sources */ = {isa = PBXBuildFile; fileRef = D82BAF921FDF78AA002773D0 /* ViewController.swift */; };
		D855A9EF1FE0B0D40022585F /* QueueViewController+extensions.swift in Sources */ = {isa = PBXBuildFile; fileRef = D855A9EE1FE0B0D40022585F /* QueueViewController+extensions.swift */; };
/* End PBXBuildFile section */

/* Begin PBXFileReference section */
		D82BAF771FDF7806002773D0 /* QueueViewController.app */ = {isa = PBXFileReference; explicitFileType = wrapper.application; includeInIndex = 0; path = QueueViewController.app; sourceTree = BUILT_PRODUCTS_DIR; };
		D82BAF7A1FDF7806002773D0 /* AppDelegate.swift */ = {isa = PBXFileReference; lastKnownFileType = sourcecode.swift; path = AppDelegate.swift; sourceTree = "<group>"; };
		D82BAF811FDF7806002773D0 /* Assets.xcassets */ = {isa = PBXFileReference; lastKnownFileType = folder.assetcatalog; path = Assets.xcassets; sourceTree = "<group>"; };
		D82BAF861FDF7806002773D0 /* Info.plist */ = {isa = PBXFileReference; lastKnownFileType = text.plist.xml; path = Info.plist; sourceTree = "<group>"; };
		D82BAF8C1FDF7887002773D0 /* Queue.swift */ = {isa = PBXFileReference; fileEncoding = 4; lastKnownFileType = sourcecode.swift; path = Queue.swift; sourceTree = "<group>"; };
		D82BAF8D1FDF7887002773D0 /* LinkedList.swift */ = {isa = PBXFileReference; fileEncoding = 4; lastKnownFileType = sourcecode.swift; path = LinkedList.swift; sourceTree = "<group>"; };
		D82BAF8E1FDF7887002773D0 /* QueueViewController.swift */ = {isa = PBXFileReference; fileEncoding = 4; lastKnownFileType = sourcecode.swift; path = QueueViewController.swift; sourceTree = "<group>"; };
		D82BAF921FDF78AA002773D0 /* ViewController.swift */ = {isa = PBXFileReference; lastKnownFileType = sourcecode.swift; path = ViewController.swift; sourceTree = "<group>"; };
		D855A9EE1FE0B0D40022585F /* QueueViewController+extensions.swift */ = {isa = PBXFileReference; lastKnownFileType = sourcecode.swift; path = "QueueViewController+extensions.swift"; sourceTree = "<group>"; };
/* End PBXFileReference section */

/* Begin PBXFrameworksBuildPhase section */
		D82BAF741FDF7806002773D0 /* Frameworks */ = {
			isa = PBXFrameworksBuildPhase;
			buildActionMask = 2147483647;
			files = (
			);
			runOnlyForDeploymentPostprocessing = 0;
		};
/* End PBXFrameworksBuildPhase section */

/* Begin PBXGroup section */
		D82BAF6E1FDF7806002773D0 = {
			isa = PBXGroup;
			children = (
				D82BAF7A1FDF7806002773D0 /* AppDelegate.swift */,
				D82BAF921FDF78AA002773D0 /* ViewController.swift */,
				D855A9ED1FE0AF8B0022585F /* LinkedStructures */,
				D82BAF791FDF7806002773D0 /* QueueViewController */,
				D82BAF781FDF7806002773D0 /* Products */,
			);
			sourceTree = "<group>";
		};
		D82BAF781FDF7806002773D0 /* Products */ = {
			isa = PBXGroup;
			children = (
				D82BAF771FDF7806002773D0 /* QueueViewController.app */,
			);
			name = Products;
			sourceTree = "<group>";
		};
		D82BAF791FDF7806002773D0 /* QueueViewController */ = {
			isa = PBXGroup;
			children = (
				D855A9EE1FE0B0D40022585F /* QueueViewController+extensions.swift */,
				D82BAF8E1FDF7887002773D0 /* QueueViewController.swift */,
				D82BAF811FDF7806002773D0 /* Assets.xcassets */,
				D82BAF861FDF7806002773D0 /* Info.plist */,
			);
			path = QueueViewController;
			sourceTree = "<group>";
		};
		D855A9ED1FE0AF8B0022585F /* LinkedStructures */ = {
			isa = PBXGroup;
			children = (
				D82BAF8D1FDF7887002773D0 /* LinkedList.swift */,
				D82BAF8C1FDF7887002773D0 /* Queue.swift */,
			);
			path = LinkedStructures;
			sourceTree = "<group>";
		};
/* End PBXGroup section */

/* Begin PBXNativeTarget section */
		D82BAF761FDF7806002773D0 /* QueueViewController */ = {
			isa = PBXNativeTarget;
			buildConfigurationList = D82BAF891FDF7806002773D0 /* Build configuration list for PBXNativeTarget "QueueViewController" */;
			buildPhases = (
				D82BAF731FDF7806002773D0 /* Sources */,
				D82BAF741FDF7806002773D0 /* Frameworks */,
				D82BAF751FDF7806002773D0 /* Resources */,
			);
			buildRules = (
			);
			dependencies = (
			);
			name = QueueViewController;
			productName = QueueViewController;
			productReference = D82BAF771FDF7806002773D0 /* QueueViewController.app */;
			productType = "com.apple.product-type.application";
		};
/* End PBXNativeTarget section */

/* Begin PBXProject section */
		D82BAF6F1FDF7806002773D0 /* Project object */ = {
			isa = PBXProject;
			attributes = {
				LastSwiftUpdateCheck = 0920;
				LastUpgradeCheck = 0920;
				ORGANIZATIONNAME = Atticus08;
				TargetAttributes = {
					D82BAF761FDF7806002773D0 = {
						CreatedOnToolsVersion = 9.2;
						ProvisioningStyle = Automatic;
					};
				};
			};
			buildConfigurationList = D82BAF721FDF7806002773D0 /* Build configuration list for PBXProject "QueueViewController" */;
			compatibilityVersion = "Xcode 8.0";
			developmentRegion = en;
			hasScannedForEncodings = 0;
			knownRegions = (
				en,
				Base,
			);
			mainGroup = D82BAF6E1FDF7806002773D0;
			productRefGroup = D82BAF781FDF7806002773D0 /* Products */;
			projectDirPath = "";
			projectRoot = "";
			targets = (
				D82BAF761FDF7806002773D0 /* QueueViewController */,
			);
		};
/* End PBXProject section */

/* Begin PBXResourcesBuildPhase section */
		D82BAF751FDF7806002773D0 /* Resources */ = {
			isa = PBXResourcesBuildPhase;
			buildActionMask = 2147483647;
			files = (
				D82BAF821FDF7806002773D0 /* Assets.xcassets in Resources */,
			);
			runOnlyForDeploymentPostprocessing = 0;
		};
/* End PBXResourcesBuildPhase section */

/* Begin PBXSourcesBuildPhase section */
		D82BAF731FDF7806002773D0 /* Sources */ = {
			isa = PBXSourcesBuildPhase;
			buildActionMask = 2147483647;
			files = (
				D82BAF931FDF78AA002773D0 /* ViewController.swift in Sources */,
				D82BAF911FDF7887002773D0 /* QueueViewController.swift in Sources */,
				D855A9EF1FE0B0D40022585F /* QueueViewController+extensions.swift in Sources */,
				D82BAF901FDF7887002773D0 /* LinkedList.swift in Sources */,
				D82BAF7B1FDF7806002773D0 /* AppDelegate.swift in Sources */,
				D82BAF8F1FDF7887002773D0 /* Queue.swift in Sources */,
			);
			runOnlyForDeploymentPostprocessing = 0;
		};
/* End PBXSourcesBuildPhase section */

/* Begin XCBuildConfiguration section */
		D82BAF871FDF7806002773D0 /* Debug */ = {
			isa = XCBuildConfiguration;
			buildSettings = {
				ALWAYS_SEARCH_USER_PATHS = NO;
				CLANG_ANALYZER_NONNULL = YES;
				CLANG_ANALYZER_NUMBER_OBJECT_CONVERSION = YES_AGGRESSIVE;
				CLANG_CXX_LANGUAGE_STANDARD = "gnu++14";
				CLANG_CXX_LIBRARY = "libc++";
				CLANG_ENABLE_MODULES = YES;
				CLANG_ENABLE_OBJC_ARC = YES;
				CLANG_WARN_BLOCK_CAPTURE_AUTORELEASING = YES;
				CLANG_WARN_BOOL_CONVERSION = YES;
				CLANG_WARN_COMMA = YES;
				CLANG_WARN_CONSTANT_CONVERSION = YES;
				CLANG_WARN_DIRECT_OBJC_ISA_USAGE = YES_ERROR;
				CLANG_WARN_DOCUMENTATION_COMMENTS = YES;
				CLANG_WARN_EMPTY_BODY = YES;
				CLANG_WARN_ENUM_CONVERSION = YES;
				CLANG_WARN_INFINITE_RECURSION = YES;
				CLANG_WARN_INT_CONVERSION = YES;
				CLANG_WARN_NON_LITERAL_NULL_CONVERSION = YES;
				CLANG_WARN_OBJC_LITERAL_CONVERSION = YES;
				CLANG_WARN_OBJC_ROOT_CLASS = YES_ERROR;
				CLANG_WARN_RANGE_LOOP_ANALYSIS = YES;
				CLANG_WARN_STRICT_PROTOTYPES = YES;
				CLANG_WARN_SUSPICIOUS_MOVE = YES;
				CLANG_WARN_UNGUARDED_AVAILABILITY = YES_AGGRESSIVE;
				CLANG_WARN_UNREACHABLE_CODE = YES;
				CLANG_WARN__DUPLICATE_METHOD_MATCH = YES;
				CODE_SIGN_IDENTITY = "iPhone Developer";
				COPY_PHASE_STRIP = NO;
				DEBUG_INFORMATION_FORMAT = dwarf;
				ENABLE_STRICT_OBJC_MSGSEND = YES;
				ENABLE_TESTABILITY = YES;
				GCC_C_LANGUAGE_STANDARD = gnu11;
				GCC_DYNAMIC_NO_PIC = NO;
				GCC_NO_COMMON_BLOCKS = YES;
				GCC_OPTIMIZATION_LEVEL = 0;
				GCC_PREPROCESSOR_DEFINITIONS = (
					"DEBUG=1",
					"$(inherited)",
				);
				GCC_WARN_64_TO_32_BIT_CONVERSION = YES;
				GCC_WARN_ABOUT_RETURN_TYPE = YES_ERROR;
				GCC_WARN_UNDECLARED_SELECTOR = YES;
				GCC_WARN_UNINITIALIZED_AUTOS = YES_AGGRESSIVE;
				GCC_WARN_UNUSED_FUNCTION = YES;
				GCC_WARN_UNUSED_VARIABLE = YES;
				IPHONEOS_DEPLOYMENT_TARGET = 11.2;
				MTL_ENABLE_DEBUG_INFO = YES;
				ONLY_ACTIVE_ARCH = YES;
				SDKROOT = iphoneos;
				SWIFT_ACTIVE_COMPILATION_CONDITIONS = DEBUG;
				SWIFT_OPTIMIZATION_LEVEL = "-Onone";
			};
			name = Debug;
		};
		D82BAF881FDF7806002773D0 /* Release */ = {
			isa = XCBuildConfiguration;
			buildSettings = {
				ALWAYS_SEARCH_USER_PATHS = NO;
				CLANG_ANALYZER_NONNULL = YES;
				CLANG_ANALYZER_NUMBER_OBJECT_CONVERSION = YES_AGGRESSIVE;
				CLANG_CXX_LANGUAGE_STANDARD = "gnu++14";
				CLANG_CXX_LIBRARY = "libc++";
				CLANG_ENABLE_MODULES = YES;
				CLANG_ENABLE_OBJC_ARC = YES;
				CLANG_WARN_BLOCK_CAPTURE_AUTORELEASING = YES;
				CLANG_WARN_BOOL_CONVERSION = YES;
				CLANG_WARN_COMMA = YES;
				CLANG_WARN_CONSTANT_CONVERSION = YES;
				CLANG_WARN_DIRECT_OBJC_ISA_USAGE = YES_ERROR;
				CLANG_WARN_DOCUMENTATION_COMMENTS = YES;
				CLANG_WARN_EMPTY_BODY = YES;
				CLANG_WARN_ENUM_CONVERSION = YES;
				CLANG_WARN_INFINITE_RECURSION = YES;
				CLANG_WARN_INT_CONVERSION = YES;
				CLANG_WARN_NON_LITERAL_NULL_CONVERSION = YES;
				CLANG_WARN_OBJC_LITERAL_CONVERSION = YES;
				CLANG_WARN_OBJC_ROOT_CLASS = YES_ERROR;
				CLANG_WARN_RANGE_LOOP_ANALYSIS = YES;
				CLANG_WARN_STRICT_PROTOTYPES = YES;
				CLANG_WARN_SUSPICIOUS_MOVE = YES;
				CLANG_WARN_UNGUARDED_AVAILABILITY = YES_AGGRESSIVE;
				CLANG_WARN_UNREACHABLE_CODE = YES;
				CLANG_WARN__DUPLICATE_METHOD_MATCH = YES;
				CODE_SIGN_IDENTITY = "iPhone Developer";
				COPY_PHASE_STRIP = NO;
				DEBUG_INFORMATION_FORMAT = "dwarf-with-dsym";
				ENABLE_NS_ASSERTIONS = NO;
				ENABLE_STRICT_OBJC_MSGSEND = YES;
				GCC_C_LANGUAGE_STANDARD = gnu11;
				GCC_NO_COMMON_BLOCKS = YES;
				GCC_WARN_64_TO_32_BIT_CONVERSION = YES;
				GCC_WARN_ABOUT_RETURN_TYPE = YES_ERROR;
				GCC_WARN_UNDECLARED_SELECTOR = YES;
				GCC_WARN_UNINITIALIZED_AUTOS = YES_AGGRESSIVE;
				GCC_WARN_UNUSED_FUNCTION = YES;
				GCC_WARN_UNUSED_VARIABLE = YES;
				IPHONEOS_DEPLOYMENT_TARGET = 11.2;
				MTL_ENABLE_DEBUG_INFO = NO;
				SDKROOT = iphoneos;
				SWIFT_OPTIMIZATION_LEVEL = "-Owholemodule";
				VALIDATE_PRODUCT = YES;
			};
			name = Release;
		};
		D82BAF8A1FDF7806002773D0 /* Debug */ = {
			isa = XCBuildConfiguration;
			buildSettings = {
				ASSETCATALOG_COMPILER_APPICON_NAME = AppIcon;
				CODE_SIGN_STYLE = Automatic;
				DEVELOPMENT_TEAM = NWHGG4R3R5;
				INFOPLIST_FILE = QueueViewController/Info.plist;
				LD_RUNPATH_SEARCH_PATHS = "$(inherited) @executable_path/Frameworks";
				PRODUCT_BUNDLE_IDENTIFIER = com.example.QueueViewController;
				PRODUCT_NAME = "$(TARGET_NAME)";
				SWIFT_VERSION = 4.0;
				TARGETED_DEVICE_FAMILY = 1;
			};
			name = Debug;
		};
		D82BAF8B1FDF7806002773D0 /* Release */ = {
			isa = XCBuildConfiguration;
			buildSettings = {
				ASSETCATALOG_COMPILER_APPICON_NAME = AppIcon;
				CODE_SIGN_STYLE = Automatic;
				DEVELOPMENT_TEAM = NWHGG4R3R5;
				INFOPLIST_FILE = QueueViewController/Info.plist;
				LD_RUNPATH_SEARCH_PATHS = "$(inherited) @executable_path/Frameworks";
				PRODUCT_BUNDLE_IDENTIFIER = com.example.QueueViewController;
				PRODUCT_NAME = "$(TARGET_NAME)";
				SWIFT_VERSION = 4.0;
				TARGETED_DEVICE_FAMILY = 1;
			};
			name = Release;
		};
/* End XCBuildConfiguration section */

/* Begin XCConfigurationList section */
		D82BAF721FDF7806002773D0 /* Build configuration list for PBXProject "QueueViewController" */ = {
			isa = XCConfigurationList;
			buildConfigurations = (
				D82BAF871FDF7806002773D0 /* Debug */,
				D82BAF881FDF7806002773D0 /* Release */,
			);
			defaultConfigurationIsVisible = 0;
			defaultConfigurationName = Release;
		};
		D82BAF891FDF7806002773D0 /* Build configuration list for PBXNativeTarget "QueueViewController" */ = {
			isa = XCConfigurationList;
			buildConfigurations = (
				D82BAF8A1FDF7806002773D0 /* Debug */,
				D82BAF8B1FDF7806002773D0 /* Release */,
			);
			defaultConfigurationIsVisible = 0;
			defaultConfigurationName = Release;
		};
/* End XCConfigurationList section */
	};
	rootObject = D82BAF6F1FDF7806002773D0 /* Project object */;
}
